// !$*UTF8*$!
{
	archiveVersion = 1;
	classes = {
	};
	objectVersion = 77;
	objects = {

/* Begin PBXBuildFile section */
		8095790A2F64681500CA9AF9 /* Assets.xcassets in Resources */ = {isa = PBXBuildFile; fileRef = 809579052F64681500CA9AF9 /* Assets.xcassets */; };
		8095790B2F64681500CA9AF9 /* ContentView.swift in Sources */ = {isa = PBXBuildFile; fileRef = 809579062F64681500CA9AF9 /* ContentView.swift */; };
		8095790D2F64681500CA9AF9 /* Item.swift in Sources */ = {isa = PBXBuildFile; fileRef = 809579082F64681500CA9AF9 /* Item.swift */; };
		809579132F64682600CA9AF9 /* Habit.swift in Sources */ = {isa = PBXBuildFile; fileRef = 809579112F64682600CA9AF9 /* Habit.swift */; };
		809579152F64684400CA9AF9 /* HoboTrackerApp.swift in Sources */ = {isa = PBXBuildFile; fileRef = 809579142F64684400CA9AF9 /* HoboTrackerApp.swift */; };
		809579172F64687C00CA9AF9 /* DashboardView.swift in Sources */ = {isa = PBXBuildFile; fileRef = 809579162F64687C00CA9AF9 /* DashboardView.swift */; };
		809579192F64688500CA9AF9 /* HabitCell.swift in Sources */ = {isa = PBXBuildFile; fileRef = 809579182F64688500CA9AF9 /* HabitCell.swift */; };
		8095791B2F6468AB00CA9AF9 /* HabitDetailView.swift in Sources */ = {isa = PBXBuildFile; fileRef = 8095791A2F6468AB00CA9AF9 /* HabitDetailView.swift */; };
		8095791D2F64692600CA9AF9 /* MiniMonthCalendarView.swift in Sources */ = {isa = PBXBuildFile; fileRef = 8095791C2F64692600CA9AF9 /* MiniMonthCalendarView.swift */; };
		8095791F2F64699100CA9AF9 /* CreateHabitView.swift in Sources */ = {isa = PBXBuildFile; fileRef = 8095791E2F64699100CA9AF9 /* CreateHabitView.swift */; };
		809579212F6469A400CA9AF9 /* Color+Extension.swift in Resources */ = {isa = PBXBuildFile; fileRef = 809579202F6469A400CA9AF9 /* Color+Extension.swift */; };
		809579252F646F0F00CA9AF9 /* ExampleHabitsView.swift in Sources */ = {isa = PBXBuildFile; fileRef = 809579242F646F0F00CA9AF9 /* ExampleHabitsView.swift */; };
/* End PBXBuildFile section */

/* Begin PBXFileReference section */
		809578F52F6467F100CA9AF9 /* HoboTracker.app */ = {isa = PBXFileReference; explicitFileType = wrapper.application; includeInIndex = 0; path = HoboTracker.app; sourceTree = BUILT_PRODUCTS_DIR; };
		809579052F64681500CA9AF9 /* Assets.xcassets */ = {isa = PBXFileReference; lastKnownFileType = folder.assetcatalog; path = Assets.xcassets; sourceTree = "<group>"; };
		809579062F64681500CA9AF9 /* ContentView.swift */ = {isa = PBXFileReference; lastKnownFileType = sourcecode.swift; path = ContentView.swift; sourceTree = "<group>"; };
		809579082F64681500CA9AF9 /* Item.swift */ = {isa = PBXFileReference; lastKnownFileType = sourcecode.swift; path = Item.swift; sourceTree = "<group>"; };
		809579112F64682600CA9AF9 /* Habit.swift */ = {isa = PBXFileReference; lastKnownFileType = sourcecode.swift; path = Habit.swift; sourceTree = "<group>"; };
		809579142F64684400CA9AF9 /* HoboTrackerApp.swift */ = {isa = PBXFileReference; lastKnownFileType = sourcecode.swift; path = HoboTrackerApp.swift; sourceTree = "<group>"; };
		809579162F64687C00CA9AF9 /* DashboardView.swift */ = {isa = PBXFileReference; lastKnownFileType = sourcecode.swift; path = DashboardView.swift; sourceTree = "<group>"; };
		809579182F64688500CA9AF9 /* HabitCell.swift */ = {isa = PBXFileReference; lastKnownFileType = sourcecode.swift; path = HabitCell.swift; sourceTree = "<group>"; };
		8095791A2F6468AB00CA9AF9 /* HabitDetailView.swift */ = {isa = PBXFileReference; lastKnownFileType = sourcecode.swift; path = HabitDetailView.swift; sourceTree = "<group>"; };
		8095791C2F64692600CA9AF9 /* MiniMonthCalendarView.swift */ = {isa = PBXFileReference; lastKnownFileType = sourcecode.swift; path = MiniMonthCalendarView.swift; sourceTree = "<group>"; };
		8095791E2F64699100CA9AF9 /* CreateHabitView.swift */ = {isa = PBXFileReference; lastKnownFileType = sourcecode.swift; path = CreateHabitView.swift; sourceTree = "<group>"; };
		809579202F6469A400CA9AF9 /* Color+Extension.swift */ = {isa = PBXFileReference; lastKnownFileType = sourcecode.swift; path = "Color+Extension.swift"; sourceTree = "<group>"; };
		809579242F646F0F00CA9AF9 /* ExampleHabitsView.swift */ = {isa = PBXFileReference; lastKnownFileType = sourcecode.swift; path = ExampleHabitsView.swift; sourceTree = "<group>"; };
/* End PBXFileReference section */

/* Begin PBXFrameworksBuildPhase section */
		809578F22F6467F100CA9AF9 /* Frameworks */ = {
			isa = PBXFrameworksBuildPhase;
			buildActionMask = 2147483647;
			files = (
			);
			runOnlyForDeploymentPostprocessing = 0;
		};
/* End PBXFrameworksBuildPhase section */

/* Begin PBXGroup section */
		809578EC2F6467F100CA9AF9 = {
			isa = PBXGroup;
			children = (
				809579092F64681500CA9AF9 /* HoboTracker */,
				809578F62F6467F100CA9AF9 /* Products */,
			);
			sourceTree = "<group>";
		};
		809578F62F6467F100CA9AF9 /* Products */ = {
			isa = PBXGroup;
			children = (
				809578F52F6467F100CA9AF9 /* HoboTracker.app */,
			);
			name = Products;
			sourceTree = "<group>";
		};
		809579092F64681500CA9AF9 /* HoboTracker */ = {
			isa = PBXGroup;
			children = (
				809579202F6469A400CA9AF9 /* Color+Extension.swift */,
				8095791E2F64699100CA9AF9 /* CreateHabitView.swift */,
				8095791C2F64692600CA9AF9 /* MiniMonthCalendarView.swift */,
				8095791A2F6468AB00CA9AF9 /* HabitDetailView.swift */,
				809579182F64688500CA9AF9 /* HabitCell.swift */,
				809579162F64687C00CA9AF9 /* DashboardView.swift */,
				809579142F64684400CA9AF9 /* HoboTrackerApp.swift */,
				809579122F64682600CA9AF9 /* Model */,
				809579052F64681500CA9AF9 /* Assets.xcassets */,
				809579062F64681500CA9AF9 /* ContentView.swift */,
				809579082F64681500CA9AF9 /* Item.swift */,
				809579242F646F0F00CA9AF9 /* ExampleHabitsView.swift */,
			);
			path = HoboTracker;
			sourceTree = "<group>";
		};
		809579122F64682600CA9AF9 /* Model */ = {
			isa = PBXGroup;
			children = (
				809579112F64682600CA9AF9 /* Habit.swift */,
			);
			path = Model;
			sourceTree = "<group>";
		};
/* End PBXGroup section */

/* Begin PBXNativeTarget section */
		809578F42F6467F100CA9AF9 /* HoboTracker */ = {
			isa = PBXNativeTarget;
			buildConfigurationList = 809579022F6467F300CA9AF9 /* Build configuration list for PBXNativeTarget "HoboTracker" */;
			buildPhases = (
				809578F12F6467F100CA9AF9 /* Sources */,
				809578F22F6467F100CA9AF9 /* Frameworks */,
				809578F32F6467F100CA9AF9 /* Resources */,
			);
			buildRules = (
			);
			dependencies = (
			);
			name = HoboTracker;
			packageProductDependencies = (
			);
			productName = HoboTracker;
			productReference = 809578F52F6467F100CA9AF9 /* HoboTracker.app */;
			productType = "com.apple.product-type.application";
		};
/* End PBXNativeTarget section */

/* Begin PBXProject section */
		809578ED2F6467F100CA9AF9 /* Project object */ = {
			isa = PBXProject;
			attributes = {
				BuildIndependentTargetsInParallel = 1;
				LastSwiftUpdateCheck = 2630;
				LastUpgradeCheck = 2630;
				TargetAttributes = {
					809578F42F6467F100CA9AF9 = {
						CreatedOnToolsVersion = 26.3;
					};
				};
			};
			buildConfigurationList = 809578F02F6467F100CA9AF9 /* Build configuration list for PBXProject "HoboTracker" */;
			developmentRegion = en;
			hasScannedForEncodings = 0;
			knownRegions = (
				en,
				Base,
			);
			mainGroup = 809578EC2F6467F100CA9AF9;
			minimizedProjectReferenceProxies = 1;
			preferredProjectObjectVersion = 77;
			productRefGroup = 809578F62F6467F100CA9AF9 /* Products */;
			projectDirPath = "";
			projectRoot = "";
			targets = (
				809578F42F6467F100CA9AF9 /* HoboTracker */,
			);
		};
/* End PBXProject section */

/* Begin PBXResourcesBuildPhase section */
		809578F32F6467F100CA9AF9 /* Resources */ = {
			isa = PBXResourcesBuildPhase;
			buildActionMask = 2147483647;
			files = (
				809579212F6469A400CA9AF9 /* Color+Extension.swift in Resources */,
				8095790A2F64681500CA9AF9 /* Assets.xcassets in Resources */,
			);
			runOnlyForDeploymentPostprocessing = 0;
		};
/* End PBXResourcesBuildPhase section */

/* Begin PBXSourcesBuildPhase section */
		809578F12F6467F100CA9AF9 /* Sources */ = {
			isa = PBXSourcesBuildPhase;
			buildActionMask = 2147483647;
			files = (
				8095791B2F6468AB00CA9AF9 /* HabitDetailView.swift in Sources */,
				8095790B2F64681500CA9AF9 /* ContentView.swift in Sources */,
				809579132F64682600CA9AF9 /* Habit.swift in Sources */,
				809579192F64688500CA9AF9 /* HabitCell.swift in Sources */,
				809579172F64687C00CA9AF9 /* DashboardView.swift in Sources */,
				8095790D2F64681500CA9AF9 /* Item.swift in Sources */,
				8095791F2F64699100CA9AF9 /* CreateHabitView.swift in Sources */,
				8095791D2F64692600CA9AF9 /* MiniMonthCalendarView.swift in Sources */,
				809579252F646F0F00CA9AF9 /* ExampleHabitsView.swift in Sources */,
				809579152F64684400CA9AF9 /* HoboTrackerApp.swift in Sources */,
			);
			runOnlyForDeploymentPostprocessing = 0;
		};
/* End PBXSourcesBuildPhase section */

/* Begin XCBuildConfiguration section */
		809579002F6467F300CA9AF9 /* Debug */ = {
			isa = XCBuildConfiguration;
			buildSettings = {
				ALWAYS_SEARCH_USER_PATHS = NO;
				ASSETCATALOG_COMPILER_GENERATE_SWIFT_ASSET_SYMBOL_EXTENSIONS = YES;
				CLANG_ANALYZER_NONNULL = YES;
				CLANG_ANALYZER_NUMBER_OBJECT_CONVERSION = YES_AGGRESSIVE;
				CLANG_CXX_LANGUAGE_STANDARD = "gnu++20";
				CLANG_ENABLE_MODULES = YES;
				CLANG_ENABLE_OBJC_ARC = YES;
				CLANG_ENABLE_OBJC_WEAK = YES;
				CLANG_WARN_BLOCK_CAPTURE_AUTORELEASING = YES;
				CLANG_WARN_BOOL_CONVERSION = YES;
				CLANG_WARN_COMMA = YES;
				CLANG_WARN_CONSTANT_CONVERSION = YES;
				CLANG_WARN_DEPRECATED_OBJC_IMPLEMENTATIONS = YES;
				CLANG_WARN_DIRECT_OBJC_ISA_USAGE = YES_ERROR;
				CLANG_WARN_DOCUMENTATION_COMMENTS = YES;
				CLANG_WARN_EMPTY_BODY = YES;
				CLANG_WARN_ENUM_CONVERSION = YES;
				CLANG_WARN_INFINITE_RECURSION = YES;
				CLANG_WARN_INT_CONVERSION = YES;
				CLANG_WARN_NON_LITERAL_NULL_CONVERSION = YES;
				CLANG_WARN_OBJC_IMPLICIT_RETAIN_SELF = YES;
				CLANG_WARN_OBJC_LITERAL_CONVERSION = YES;
				CLANG_WARN_OBJC_ROOT_CLASS = YES_ERROR;
				CLANG_WARN_QUOTED_INCLUDE_IN_FRAMEWORK_HEADER = YES;
				CLANG_WARN_RANGE_LOOP_ANALYSIS = YES;
				CLANG_WARN_STRICT_PROTOTYPES = YES;
				CLANG_WARN_SUSPICIOUS_MOVE = YES;
				CLANG_WARN_UNGUARDED_AVAILABILITY = YES_AGGRESSIVE;
				CLANG_WARN_UNREACHABLE_CODE = YES;
				CLANG_WARN__DUPLICATE_METHOD_MATCH = YES;
				COPY_PHASE_STRIP = NO;
				DEBUG_INFORMATION_FORMAT = dwarf;
				DEVELOPMENT_TEAM = 2RQ75FG8AT;
				ENABLE_STRICT_OBJC_MSGSEND = YES;
				ENABLE_TESTABILITY = YES;
				ENABLE_USER_SCRIPT_SANDBOXING = YES;
				GCC_C_LANGUAGE_STANDARD = gnu17;
				GCC_DYNAMIC_NO_PIC = NO;
				GCC_NO_COMMON_BLOCKS = YES;
				GCC_OPTIMIZATION_LEVEL = 0;
				GCC_PREPROCESSOR_DEFINITIONS = (
					"DEBUG=1",
					"$(inherited)",
				);
				GCC_WARN_64_TO_32_BIT_CONVERSION = YES;
				GCC_WARN_ABOUT_RETURN_TYPE = YES_ERROR;
				GCC_WARN_UNDECLARED_SELECTOR = YES;
				GCC_WARN_UNINITIALIZED_AUTOS = YES_AGGRESSIVE;
				GCC_WARN_UNUSED_FUNCTION = YES;
				GCC_WARN_UNUSED_VARIABLE = YES;
				IPHONEOS_DEPLOYMENT_TARGET = 26.2;
				LOCALIZATION_PREFERS_STRING_CATALOGS = YES;
				MTL_ENABLE_DEBUG_INFO = INCLUDE_SOURCE;
				MTL_FAST_MATH = YES;
				ONLY_ACTIVE_ARCH = YES;
				SDKROOT = iphoneos;
				SWIFT_ACTIVE_COMPILATION_CONDITIONS = "DEBUG $(inherited)";
				SWIFT_OPTIMIZATION_LEVEL = "-Onone";
			};
			name = Debug;
		};
		809579012F6467F300CA9AF9 /* Release */ = {
			isa = XCBuildConfiguration;
			buildSettings = {
				ALWAYS_SEARCH_USER_PATHS = NO;
				ASSETCATALOG_COMPILER_GENERATE_SWIFT_ASSET_SYMBOL_EXTENSIONS = YES;
				CLANG_ANALYZER_NONNULL = YES;
				CLANG_ANALYZER_NUMBER_OBJECT_CONVERSION = YES_AGGRESSIVE;
				CLANG_CXX_LANGUAGE_STANDARD = "gnu++20";
				CLANG_ENABLE_MODULES = YES;
				CLANG_ENABLE_OBJC_ARC = YES;
				CLANG_ENABLE_OBJC_WEAK = YES;
				CLANG_WARN_BLOCK_CAPTURE_AUTORELEASING = YES;
				CLANG_WARN_BOOL_CONVERSION = YES;
				CLANG_WARN_COMMA = YES;
				CLANG_WARN_CONSTANT_CONVERSION = YES;
				CLANG_WARN_DEPRECATED_OBJC_IMPLEMENTATIONS = YES;
				CLANG_WARN_DIRECT_OBJC_ISA_USAGE = YES_ERROR;
				CLANG_WARN_DOCUMENTATION_COMMENTS = YES;
				CLANG_WARN_EMPTY_BODY = YES;
				CLANG_WARN_ENUM_CONVERSION = YES;
				CLANG_WARN_INFINITE_RECURSION = YES;
				CLANG_WARN_INT_CONVERSION = YES;
				CLANG_WARN_NON_LITERAL_NULL_CONVERSION = YES;
				CLANG_WARN_OBJC_IMPLICIT_RETAIN_SELF = YES;
				CLANG_WARN_OBJC_LITERAL_CONVERSION = YES;
				CLANG_WARN_OBJC_ROOT_CLASS = YES_ERROR;
				CLANG_WARN_QUOTED_INCLUDE_IN_FRAMEWORK_HEADER = YES;
				CLANG_WARN_RANGE_LOOP_ANALYSIS = YES;
				CLANG_WARN_STRICT_PROTOTYPES = YES;
				CLANG_WARN_SUSPICIOUS_MOVE = YES;
				CLANG_WARN_UNGUARDED_AVAILABILITY = YES_AGGRESSIVE;
				CLANG_WARN_UNREACHABLE_CODE = YES;
				CLANG_WARN__DUPLICATE_METHOD_MATCH = YES;
				COPY_PHASE_STRIP = NO;
				DEBUG_INFORMATION_FORMAT = "dwarf-with-dsym";
				DEVELOPMENT_TEAM = 2RQ75FG8AT;
				ENABLE_NS_ASSERTIONS = NO;
				ENABLE_STRICT_OBJC_MSGSEND = YES;
				ENABLE_USER_SCRIPT_SANDBOXING = YES;
				GCC_C_LANGUAGE_STANDARD = gnu17;
				GCC_NO_COMMON_BLOCKS = YES;
				GCC_WARN_64_TO_32_BIT_CONVERSION = YES;
				GCC_WARN_ABOUT_RETURN_TYPE = YES_ERROR;
				GCC_WARN_UNDECLARED_SELECTOR = YES;
				GCC_WARN_UNINITIALIZED_AUTOS = YES_AGGRESSIVE;
				GCC_WARN_UNUSED_FUNCTION = YES;
				GCC_WARN_UNUSED_VARIABLE = YES;
				IPHONEOS_DEPLOYMENT_TARGET = 26.2;
				LOCALIZATION_PREFERS_STRING_CATALOGS = YES;
				MTL_ENABLE_DEBUG_INFO = NO;
				MTL_FAST_MATH = YES;
				SDKROOT = iphoneos;
				SWIFT_COMPILATION_MODE = wholemodule;
				VALIDATE_PRODUCT = YES;
			};
			name = Release;
		};
		809579032F6467F300CA9AF9 /* Debug */ = {
			isa = XCBuildConfiguration;
			buildSettings = {
				ASSETCATALOG_COMPILER_APPICON_NAME = AppIcon;
				ASSETCATALOG_COMPILER_GLOBAL_ACCENT_COLOR_NAME = AccentColor;
				CODE_SIGN_STYLE = Automatic;
				CURRENT_PROJECT_VERSION = 1;
				DEVELOPMENT_TEAM = 2RQ75FG8AT;
				ENABLE_PREVIEWS = YES;
				GENERATE_INFOPLIST_FILE = YES;
				INFOPLIST_KEY_UIApplicationSceneManifest_Generation = YES;
				INFOPLIST_KEY_UIApplicationSupportsIndirectInputEvents = YES;
				INFOPLIST_KEY_UILaunchScreen_Generation = YES;
				INFOPLIST_KEY_UISupportedInterfaceOrientations_iPad = "UIInterfaceOrientationPortrait UIInterfaceOrientationPortraitUpsideDown UIInterfaceOrientationLandscapeLeft UIInterfaceOrientationLandscapeRight";
				INFOPLIST_KEY_UISupportedInterfaceOrientations_iPhone = "UIInterfaceOrientationPortrait UIInterfaceOrientationLandscapeLeft UIInterfaceOrientationLandscapeRight";
				LD_RUNPATH_SEARCH_PATHS = (
					"$(inherited)",
					"@executable_path/Frameworks",
				);
				MARKETING_VERSION = 1.0;
				PRODUCT_BUNDLE_IDENTIFIER = srinivas.co.HoboTracker;
				PRODUCT_NAME = "$(TARGET_NAME)";
				STRING_CATALOG_GENERATE_SYMBOLS = YES;
				SWIFT_APPROACHABLE_CONCURRENCY = YES;
				SWIFT_DEFAULT_ACTOR_ISOLATION = MainActor;
				SWIFT_EMIT_LOC_STRINGS = YES;
				SWIFT_UPCOMING_FEATURE_MEMBER_IMPORT_VISIBILITY = YES;
				SWIFT_VERSION = 5.0;
				TARGETED_DEVICE_FAMILY = "1,2";
			};
			name = Debug;
		};
		809579042F6467F300CA9AF9 /* Release */ = {
			isa = XCBuildConfiguration;
			buildSettings = {
				ASSETCATALOG_COMPILER_APPICON_NAME = AppIcon;
				ASSETCATALOG_COMPILER_GLOBAL_ACCENT_COLOR_NAME = AccentColor;
				CODE_SIGN_STYLE = Automatic;
				CURRENT_PROJECT_VERSION = 1;
				DEVELOPMENT_TEAM = 2RQ75FG8AT;
				ENABLE_PREVIEWS = YES;
				GENERATE_INFOPLIST_FILE = YES;
				INFOPLIST_KEY_UIApplicationSceneManifest_Generation = YES;
				INFOPLIST_KEY_UIApplicationSupportsIndirectInputEvents = YES;
				INFOPLIST_KEY_UILaunchScreen_Generation = YES;
				INFOPLIST_KEY_UISupportedInterfaceOrientations_iPad = "UIInterfaceOrientationPortrait UIInterfaceOrientationPortraitUpsideDown UIInterfaceOrientationLandscapeLeft UIInterfaceOrientationLandscapeRight";
				INFOPLIST_KEY_UISupportedInterfaceOrientations_iPhone = "UIInterfaceOrientationPortrait UIInterfaceOrientationLandscapeLeft UIInterfaceOrientationLandscapeRight";
				LD_RUNPATH_SEARCH_PATHS = (
					"$(inherited)",
					"@executable_path/Frameworks",
				);
				MARKETING_VERSION = 1.0;
				PRODUCT_BUNDLE_IDENTIFIER = srinivas.co.HoboTracker;
				PRODUCT_NAME = "$(TARGET_NAME)";
				STRING_CATALOG_GENERATE_SYMBOLS = YES;
				SWIFT_APPROACHABLE_CONCURRENCY = YES;
				SWIFT_DEFAULT_ACTOR_ISOLATION = MainActor;
				SWIFT_EMIT_LOC_STRINGS = YES;
				SWIFT_UPCOMING_FEATURE_MEMBER_IMPORT_VISIBILITY = YES;
				SWIFT_VERSION = 5.0;
				TARGETED_DEVICE_FAMILY = "1,2";
			};
			name = Release;
		};
/* End XCBuildConfiguration section */

/* Begin XCConfigurationList section */
		809578F02F6467F100CA9AF9 /* Build configuration list for PBXProject "HoboTracker" */ = {
			isa = XCConfigurationList;
			buildConfigurations = (
				809579002F6467F300CA9AF9 /* Debug */,
				809579012F6467F300CA9AF9 /* Release */,
			);
			defaultConfigurationIsVisible = 0;
			defaultConfigurationName = Release;
		};
		809579022F6467F300CA9AF9 /* Build configuration list for PBXNativeTarget "HoboTracker" */ = {
			isa = XCConfigurationList;
			buildConfigurations = (
				809579032F6467F300CA9AF9 /* Debug */,
				809579042F6467F300CA9AF9 /* Release */,
			);
			defaultConfigurationIsVisible = 0;
			defaultConfigurationName = Release;
		};
/* End XCConfigurationList section */
	};
	rootObject = 809578ED2F6467F100CA9AF9 /* Project object */;
}
