// !$*UTF8*$!
{
	archiveVersion = 1;
	classes = {
	};
	objectVersion = 77;
	objects = {

/* Begin PBXBuildFile section */
		8095790A2F64681500CA9AF9 /* Assets.xcassets in Resources */ = {isa = PBXBuildFile; fileRef = 809579052F64681500CA9AF9 /* Assets.xcassets */; };
		8095790B2F64681500CA9AF9 /* ContentView.swift in Sources */ = {isa = PBXBuildFile; fileRef = 809579062F64681500CA9AF9 /* ContentView.swift */; };
		8095790D2F64681500CA9AF9 /* Item.swift in Sources */ = {isa = PBXBuildFile; fileRef = 809579082F64681500CA9AF9 /* Item.swift */; };
		809579132F64682600CA9AF9 /* Habit.swift in Sources */ = {isa = PBXBuildFile; fileRef = 809579112F64682600CA9AF9 /* Habit.swift */; };
		809579152F64684400CA9AF9 /* HoboTrackerApp.swift in Sources */ = {isa = PBXBuildFile; fileRef = 809579142F64684400CA9AF9 /* HoboTrackerApp.swift */; };
		809579172F64687C00CA9AF9 /* DashboardView.swift in Sources */ = {isa = PBXBuildFile; fileRef = 809579162F64687C00CA9AF9 /* DashboardView.swift */; };
		809579192F64688500CA9AF9 /* HabitCell.swift in Sources */ = {isa = PBXBuildFile; fileRef = 809579182F64688500CA9AF9 /* HabitCell.swift */; };
		8095791B2F6468AB00CA9AF9 /* HabitDetailView.swift in Sources */ = {isa = PBXBuildFile; fileRef = 8095791A2F6468AB00CA9AF9 /* HabitDetailView.swift */; };
		8095791D2F64692600CA9AF9 /* MiniMonthCalendarView.swift in Sources */ = {isa = PBXBuildFile; fileRef = 8095791C2F64692600CA9AF9 /* MiniMonthCalendarView.swift */; };
		8095791F2F64699100CA9AF9 /* CreateHabitView.swift in Sources */ = {isa = PBXBuildFile; fileRef = 8095791E2F64699100CA9AF9 /* CreateHabitView.swift */; };
		809579212F6469A400CA9AF9 /* Color+Extension.swift in Resources */ = {isa = PBXBuildFile; fileRef = 809579202F6469A400CA9AF9 /* Color+Extension.swift */; };
		809579252F646F0F00CA9AF9 /* ExampleHabitsView.swift in Sources */ = {isa = PBXBuildFile; fileRef = 809579242F646F0F00CA9AF9 /* ExampleHabitsView.swift */; };
		80E76DE72F6581CD00192F3A /* Auth in Frameworks */ = {isa = PBXBuildFile; productRef = 80E76DE62F6581CD00192F3A /* Auth */; };
		80E76DE92F6581CD00192F3A /* Functions in Frameworks */ = {isa = PBXBuildFile; productRef = 80E76DE82F6581CD00192F3A /* Functions */; };
		80E76DEB2F6581CD00192F3A /* PostgREST in Frameworks */ = {isa = PBXBuildFile; productRef = 80E76DEA2F6581CD00192F3A /* PostgREST */; };
		80E76DED2F6581CD00192F3A /* Realtime in Frameworks */ = {isa = PBXBuildFile; productRef = 80E76DEC2F6581CD00192F3A /* Realtime */; };
		80E76DEF2F6581CD00192F3A /* Storage in Frameworks */ = {isa = PBXBuildFile; productRef = 80E76DEE2F6581CD00192F3A /* Storage */; };
		80E76DF12F6581CD00192F3A /* Supabase in Frameworks */ = {isa = PBXBuildFile; productRef = 80E76DF02F6581CD00192F3A /* Supabase */; };
		80E76DF42F65832C00192F3A /* SupabaseConfig.swift in Sources */ = {isa = PBXBuildFile; fileRef = 80E76DF32F65832C00192F3A /* SupabaseConfig.swift */; };
		80E76DF62F65833100192F3A /* SupabaseClientProvider.swift in Sources */ = {isa = PBXBuildFile; fileRef = 80E76DF52F65833100192F3A /* SupabaseClientProvider.swift */; };
		80E76DF82F65833F00192F3A /* AuthService.swift in Sources */ = {isa = PBXBuildFile; fileRef = 80E76DF72F65833F00192F3A /* AuthService.swift */; };
		80E76DFA2F65834600192F3A /* NetworkMonitor.swift in Sources */ = {isa = PBXBuildFile; fileRef = 80E76DF92F65834600192F3A /* NetworkMonitor.swift */; };
		80E76DFC2F65835300192F3A /* SupabaseHabitStore.swift in Sources */ = {isa = PBXBuildFile; fileRef = 80E76DFB2F65835300192F3A /* SupabaseHabitStore.swift */; };
		80E76DFE2F65836A00192F3A /* SyncEngine.swift in Sources */ = {isa = PBXBuildFile; fileRef = 80E76DFD2F65836A00192F3A /* SyncEngine.swift */; };
		80E76E002F65837300192F3A /* AppState.swift in Sources */ = {isa = PBXBuildFile; fileRef = 80E76DFF2F65837300192F3A /* AppState.swift */; };
		80E76E022F65837B00192F3A /* AuthGateView.swift in Sources */ = {isa = PBXBuildFile; fileRef = 80E76E012F65837B00192F3A /* AuthGateView.swift */; };
		80E76E042F65838400192F3A /* LoginView.swift in Sources */ = {isa = PBXBuildFile; fileRef = 80E76E032F65838400192F3A /* LoginView.swift */; };
		80E76E062F65838900192F3A /* MainTabView.swift in Sources */ = {isa = PBXBuildFile; fileRef = 80E76E052F65838900192F3A /* MainTabView.swift */; };
		80E76E092F658E7300192F3A /* ProfileView.swift in Sources */ = {isa = PBXBuildFile; fileRef = 80E76E082F658E7300192F3A /* ProfileView.swift */; };
		80EF53A72F648BF5002D17B3 /* DashboardViewModel.swift in Sources */ = {isa = PBXBuildFile; fileRef = 80EF53A62F648BF5002D17B3 /* DashboardViewModel.swift */; };
		80EF53A92F648C06002D17B3 /* CreateHabitViewModel.swift in Sources */ = {isa = PBXBuildFile; fileRef = 80EF53A82F648C06002D17B3 /* CreateHabitViewModel.swift */; };
		80EF53AB2F648C24002D17B3 /* HabitDetailViewModel.swift in Sources */ = {isa = PBXBuildFile; fileRef = 80EF53AA2F648C24002D17B3 /* HabitDetailViewModel.swift */; };
/* End PBXBuildFile section */

/* Begin PBXFileReference section */
		809578F52F6467F100CA9AF9 /* HoboTracker.app */ = {isa = PBXFileReference; explicitFileType = wrapper.application; includeInIndex = 0; path = HoboTracker.app; sourceTree = BUILT_PRODUCTS_DIR; };
		809579052F64681500CA9AF9 /* Assets.xcassets */ = {isa = PBXFileReference; lastKnownFileType = folder.assetcatalog; path = Assets.xcassets; sourceTree = "<group>"; };
		809579062F64681500CA9AF9 /* ContentView.swift */ = {isa = PBXFileReference; lastKnownFileType = sourcecode.swift; path = ContentView.swift; sourceTree = "<group>"; };
		809579082F64681500CA9AF9 /* Item.swift */ = {isa = PBXFileReference; lastKnownFileType = sourcecode.swift; path = Item.swift; sourceTree = "<group>"; };
		809579112F64682600CA9AF9 /* Habit.swift */ = {isa = PBXFileReference; lastKnownFileType = sourcecode.swift; path = Habit.swift; sourceTree = "<group>"; };
		809579142F64684400CA9AF9 /* HoboTrackerApp.swift */ = {isa = PBXFileReference; lastKnownFileType = sourcecode.swift; path = HoboTrackerApp.swift; sourceTree = "<group>"; };
		809579162F64687C00CA9AF9 /* DashboardView.swift */ = {isa = PBXFileReference; lastKnownFileType = sourcecode.swift; path = DashboardView.swift; sourceTree = "<group>"; };
		809579182F64688500CA9AF9 /* HabitCell.swift */ = {isa = PBXFileReference; lastKnownFileType = sourcecode.swift; path = HabitCell.swift; sourceTree = "<group>"; };
		8095791A2F6468AB00CA9AF9 /* HabitDetailView.swift */ = {isa = PBXFileReference; lastKnownFileType = sourcecode.swift; path = HabitDetailView.swift; sourceTree = "<group>"; };
		8095791C2F64692600CA9AF9 /* MiniMonthCalendarView.swift */ = {isa = PBXFileReference; lastKnownFileType = sourcecode.swift; path = MiniMonthCalendarView.swift; sourceTree = "<group>"; };
		8095791E2F64699100CA9AF9 /* CreateHabitView.swift */ = {isa = PBXFileReference; lastKnownFileType = sourcecode.swift; path = CreateHabitView.swift; sourceTree = "<group>"; };
		809579202F6469A400CA9AF9 /* Color+Extension.swift */ = {isa = PBXFileReference; lastKnownFileType = sourcecode.swift; path = "Color+Extension.swift"; sourceTree = "<group>"; };
		809579242F646F0F00CA9AF9 /* ExampleHabitsView.swift */ = {isa = PBXFileReference; lastKnownFileType = sourcecode.swift; path = ExampleHabitsView.swift; sourceTree = "<group>"; };
		80E76DF32F65832C00192F3A /* SupabaseConfig.swift */ = {isa = PBXFileReference; lastKnownFileType = sourcecode.swift; path = SupabaseConfig.swift; sourceTree = "<group>"; };
		80E76DF52F65833100192F3A /* SupabaseClientProvider.swift */ = {isa = PBXFileReference; lastKnownFileType = sourcecode.swift; path = SupabaseClientProvider.swift; sourceTree = "<group>"; };
		80E76DF72F65833F00192F3A /* AuthService.swift */ = {isa = PBXFileReference; lastKnownFileType = sourcecode.swift; path = AuthService.swift; sourceTree = "<group>"; };
		80E76DF92F65834600192F3A /* NetworkMonitor.swift */ = {isa = PBXFileReference; lastKnownFileType = sourcecode.swift; path = NetworkMonitor.swift; sourceTree = "<group>"; };
		80E76DFB2F65835300192F3A /* SupabaseHabitStore.swift */ = {isa = PBXFileReference; lastKnownFileType = sourcecode.swift; path = SupabaseHabitStore.swift; sourceTree = "<group>"; };
		80E76DFD2F65836A00192F3A /* SyncEngine.swift */ = {isa = PBXFileReference; lastKnownFileType = sourcecode.swift; path = SyncEngine.swift; sourceTree = "<group>"; };
		80E76DFF2F65837300192F3A /* AppState.swift */ = {isa = PBXFileReference; lastKnownFileType = sourcecode.swift; path = AppState.swift; sourceTree = "<group>"; };
		80E76E012F65837B00192F3A /* AuthGateView.swift */ = {isa = PBXFileReference; lastKnownFileType = sourcecode.swift; path = AuthGateView.swift; sourceTree = "<group>"; };
		80E76E032F65838400192F3A /* LoginView.swift */ = {isa = PBXFileReference; lastKnownFileType = sourcecode.swift; path = LoginView.swift; sourceTree = "<group>"; };
		80E76E052F65838900192F3A /* MainTabView.swift */ = {isa = PBXFileReference; lastKnownFileType = sourcecode.swift; path = MainTabView.swift; sourceTree = "<group>"; };
		80E76E072F65849400192F3A /* Info.plist */ = {isa = PBXFileReference; lastKnownFileType = text.plist; path = Info.plist; sourceTree = "<group>"; };
		80E76E082F658E7300192F3A /* ProfileView.swift */ = {isa = PBXFileReference; lastKnownFileType = sourcecode.swift; path = ProfileView.swift; sourceTree = "<group>"; };
		80EF53A62F648BF5002D17B3 /* DashboardViewModel.swift */ = {isa = PBXFileReference; lastKnownFileType = sourcecode.swift; path = DashboardViewModel.swift; sourceTree = "<group>"; };
		80EF53A82F648C06002D17B3 /* CreateHabitViewModel.swift */ = {isa = PBXFileReference; lastKnownFileType = sourcecode.swift; path = CreateHabitViewModel.swift; sourceTree = "<group>"; };
		80EF53AA2F648C24002D17B3 /* HabitDetailViewModel.swift */ = {isa = PBXFileReference; lastKnownFileType = sourcecode.swift; path = HabitDetailViewModel.swift; sourceTree = "<group>"; };
/* End PBXFileReference section */

/* Begin PBXFrameworksBuildPhase section */
		809578F22F6467F100CA9AF9 /* Frameworks */ = {
			isa = PBXFrameworksBuildPhase;
			buildActionMask = 2147483647;
			files = (
				80E76DEB2F6581CD00192F3A /* PostgREST in Frameworks */,
				80E76DE92F6581CD00192F3A /* Functions in Frameworks */,
				80E76DF12F6581CD00192F3A /* Supabase in Frameworks */,
				80E76DE72F6581CD00192F3A /* Auth in Frameworks */,
				80E76DEF2F6581CD00192F3A /* Storage in Frameworks */,
				80E76DED2F6581CD00192F3A /* Realtime in Frameworks */,
			);
			runOnlyForDeploymentPostprocessing = 0;
		};
/* End PBXFrameworksBuildPhase section */

/* Begin PBXGroup section */
		809578EC2F6467F100CA9AF9 = {
			isa = PBXGroup;
			children = (
				809579092F64681500CA9AF9 /* HoboTracker */,
				809578F62F6467F100CA9AF9 /* Products */,
			);
			sourceTree = "<group>";
		};
		809578F62F6467F100CA9AF9 /* Products */ = {
			isa = PBXGroup;
			children = (
				809578F52F6467F100CA9AF9 /* HoboTracker.app */,
			);
			name = Products;
			sourceTree = "<group>";
		};
		809579092F64681500CA9AF9 /* HoboTracker */ = {
			isa = PBXGroup;
			children = (
				80E76E072F65849400192F3A /* Info.plist */,
				809579122F64682600CA9AF9 /* Model */,
				809579052F64681500CA9AF9 /* Assets.xcassets */,
				80EF53A52F648BE8002D17B3 /* ViewModels */,
				80EF53AC2F648CC0002D17B3 /* Views */,
				80EF53AD2F648CC4002D17B3 /* Extensions */,
				80EF53AE2F648CCB002D17B3 /* App */,
				80E76DF22F65832500192F3A /* Services */,
			);
			path = HoboTracker;
			sourceTree = "<group>";
		};
		809579122F64682600CA9AF9 /* Model */ = {
			isa = PBXGroup;
			children = (
				809579112F64682600CA9AF9 /* Habit.swift */,
				809579082F64681500CA9AF9 /* Item.swift */,
			);
			path = Model;
			sourceTree = "<group>";
		};
		80E76DF22F65832500192F3A /* Services */ = {
			isa = PBXGroup;
			children = (
				80E76DF32F65832C00192F3A /* SupabaseConfig.swift */,
				80E76DF52F65833100192F3A /* SupabaseClientProvider.swift */,
				80E76DF72F65833F00192F3A /* AuthService.swift */,
				80E76DF92F65834600192F3A /* NetworkMonitor.swift */,
				80E76DFB2F65835300192F3A /* SupabaseHabitStore.swift */,
				80E76DFD2F65836A00192F3A /* SyncEngine.swift */,
			);
			path = Services;
			sourceTree = "<group>";
		};
		80EF53A52F648BE8002D17B3 /* ViewModels */ = {
			isa = PBXGroup;
			children = (
				80EF53A62F648BF5002D17B3 /* DashboardViewModel.swift */,
				80EF53A82F648C06002D17B3 /* CreateHabitViewModel.swift */,
				80EF53AA2F648C24002D17B3 /* HabitDetailViewModel.swift */,
			);
			path = ViewModels;
			sourceTree = "<group>";
		};
		80EF53AC2F648CC0002D17B3 /* Views */ = {
			isa = PBXGroup;
			children = (
				8095791E2F64699100CA9AF9 /* CreateHabitView.swift */,
				809579162F64687C00CA9AF9 /* DashboardView.swift */,
				8095791A2F6468AB00CA9AF9 /* HabitDetailView.swift */,
				809579182F64688500CA9AF9 /* HabitCell.swift */,
				8095791C2F64692600CA9AF9 /* MiniMonthCalendarView.swift */,
				809579242F646F0F00CA9AF9 /* ExampleHabitsView.swift */,
				809579062F64681500CA9AF9 /* ContentView.swift */,
				80E76E012F65837B00192F3A /* AuthGateView.swift */,
				80E76E032F65838400192F3A /* LoginView.swift */,
				80E76E052F65838900192F3A /* MainTabView.swift */,
				80E76E082F658E7300192F3A /* ProfileView.swift */,
			);
			path = Views;
			sourceTree = "<group>";
		};
		80EF53AD2F648CC4002D17B3 /* Extensions */ = {
			isa = PBXGroup;
			children = (
				809579202F6469A400CA9AF9 /* Color+Extension.swift */,
			);
			path = Extensions;
			sourceTree = "<group>";
		};
		80EF53AE2F648CCB002D17B3 /* App */ = {
			isa = PBXGroup;
			children = (
				809579142F64684400CA9AF9 /* HoboTrackerApp.swift */,
				80E76DFF2F65837300192F3A /* AppState.swift */,
			);
			path = App;
			sourceTree = "<group>";
		};
/* End PBXGroup section */

/* Begin PBXNativeTarget section */
		809578F42F6467F100CA9AF9 /* HoboTracker */ = {
			isa = PBXNativeTarget;
			buildConfigurationList = 809579022F6467F300CA9AF9 /* Build configuration list for PBXNativeTarget "HoboTracker" */;
			buildPhases = (
				809578F12F6467F100CA9AF9 /* Sources */,
				809578F22F6467F100CA9AF9 /* Frameworks */,
				809578F32F6467F100CA9AF9 /* Resources */,
			);
			buildRules = (
			);
			dependencies = (
			);
			name = HoboTracker;
			packageProductDependencies = (
				80E76DE62F6581CD00192F3A /* Auth */,
				80E76DE82F6581CD00192F3A /* Functions */,
				80E76DEA2F6581CD00192F3A /* PostgREST */,
				80E76DEC2F6581CD00192F3A /* Realtime */,
				80E76DEE2F6581CD00192F3A /* Storage */,
				80E76DF02F6581CD00192F3A /* Supabase */,
			);
			productName = HoboTracker;
			productReference = 809578F52F6467F100CA9AF9 /* HoboTracker.app */;
			productType = "com.apple.product-type.application";
		};
/* End PBXNativeTarget section */

/* Begin PBXProject section */
		809578ED2F6467F100CA9AF9 /* Project object */ = {
			isa = PBXProject;
			attributes = {
				BuildIndependentTargetsInParallel = 1;
				LastSwiftUpdateCheck = 2630;
				LastUpgradeCheck = 2630;
				TargetAttributes = {
					809578F42F6467F100CA9AF9 = {
						CreatedOnToolsVersion = 26.3;
					};
				};
			};
			buildConfigurationList = 809578F02F6467F100CA9AF9 /* Build configuration list for PBXProject "HoboTracker" */;
			developmentRegion = en;
			hasScannedForEncodings = 0;
			knownRegions = (
				en,
				Base,
			);
			mainGroup = 809578EC2F6467F100CA9AF9;
			minimizedProjectReferenceProxies = 1;
			packageReferences = (
				80E76DE52F6581CD00192F3A /* XCRemoteSwiftPackageReference "supabase-swift" */,
			);
			preferredProjectObjectVersion = 77;
			productRefGroup = 809578F62F6467F100CA9AF9 /* Products */;
			projectDirPath = "";
			projectRoot = "";
			targets = (
				809578F42F6467F100CA9AF9 /* HoboTracker */,
			);
		};
/* End PBXProject section */

/* Begin PBXResourcesBuildPhase section */
		809578F32F6467F100CA9AF9 /* Resources */ = {
			isa = PBXResourcesBuildPhase;
			buildActionMask = 2147483647;
			files = (
				809579212F6469A400CA9AF9 /* Color+Extension.swift in Resources */,
				8095790A2F64681500CA9AF9 /* Assets.xcassets in Resources */,
			);
			runOnlyForDeploymentPostprocessing = 0;
		};
/* End PBXResourcesBuildPhase section */

/* Begin PBXSourcesBuildPhase section */
		809578F12F6467F100CA9AF9 /* Sources */ = {
			isa = PBXSourcesBuildPhase;
			buildActionMask = 2147483647;
			files = (
				80E76DFE2F65836A00192F3A /* SyncEngine.swift in Sources */,
				80E76DF62F65833100192F3A /* SupabaseClientProvider.swift in Sources */,
				8095791B2F6468AB00CA9AF9 /* HabitDetailView.swift in Sources */,
				80EF53A92F648C06002D17B3 /* CreateHabitViewModel.swift in Sources */,
				8095790B2F64681500CA9AF9 /* ContentView.swift in Sources */,
				809579132F64682600CA9AF9 /* Habit.swift in Sources */,
				809579192F64688500CA9AF9 /* HabitCell.swift in Sources */,
				80EF53A72F648BF5002D17B3 /* DashboardViewModel.swift in Sources */,
				80E76E042F65838400192F3A /* LoginView.swift in Sources */,
				80E76E062F65838900192F3A /* MainTabView.swift in Sources */,
				809579172F64687C00CA9AF9 /* DashboardView.swift in Sources */,
				80E76DFA2F65834600192F3A /* NetworkMonitor.swift in Sources */,
				8095790D2F64681500CA9AF9 /* Item.swift in Sources */,
				80E76E022F65837B00192F3A /* AuthGateView.swift in Sources */,
				80E76E002F65837300192F3A /* AppState.swift in Sources */,
				80EF53AB2F648C24002D17B3 /* HabitDetailViewModel.swift in Sources */,
				80E76E092F658E7300192F3A /* ProfileView.swift in Sources */,
				8095791F2F64699100CA9AF9 /* CreateHabitView.swift in Sources */,
				8095791D2F64692600CA9AF9 /* MiniMonthCalendarView.swift in Sources */,
				80E76DF42F65832C00192F3A /* SupabaseConfig.swift in Sources */,
				80E76DFC2F65835300192F3A /* SupabaseHabitStore.swift in Sources */,
				809579252F646F0F00CA9AF9 /* ExampleHabitsView.swift in Sources */,
				809579152F64684400CA9AF9 /* HoboTrackerApp.swift in Sources */,
				80E76DF82F65833F00192F3A /* AuthService.swift in Sources */,
			);
			runOnlyForDeploymentPostprocessing = 0;
		};
/* End PBXSourcesBuildPhase section */

/* Begin XCBuildConfiguration section */
		809579002F6467F300CA9AF9 /* Debug */ = {
			isa = XCBuildConfiguration;
			buildSettings = {
				ALWAYS_SEARCH_USER_PATHS = NO;
				ASSETCATALOG_COMPILER_GENERATE_SWIFT_ASSET_SYMBOL_EXTENSIONS = YES;
				CLANG_ANALYZER_NONNULL = YES;
				CLANG_ANALYZER_NUMBER_OBJECT_CONVERSION = YES_AGGRESSIVE;
				CLANG_CXX_LANGUAGE_STANDARD = "gnu++20";
				CLANG_ENABLE_MODULES = YES;
				CLANG_ENABLE_OBJC_ARC = YES;
				CLANG_ENABLE_OBJC_WEAK = YES;
				CLANG_WARN_BLOCK_CAPTURE_AUTORELEASING = YES;
				CLANG_WARN_BOOL_CONVERSION = YES;
				CLANG_WARN_COMMA = YES;
				CLANG_WARN_CONSTANT_CONVERSION = YES;
				CLANG_WARN_DEPRECATED_OBJC_IMPLEMENTATIONS = YES;
				CLANG_WARN_DIRECT_OBJC_ISA_USAGE = YES_ERROR;
				CLANG_WARN_DOCUMENTATION_COMMENTS = YES;
				CLANG_WARN_EMPTY_BODY = YES;
				CLANG_WARN_ENUM_CONVERSION = YES;
				CLANG_WARN_INFINITE_RECURSION = YES;
				CLANG_WARN_INT_CONVERSION = YES;
				CLANG_WARN_NON_LITERAL_NULL_CONVERSION = YES;
				CLANG_WARN_OBJC_IMPLICIT_RETAIN_SELF = YES;
				CLANG_WARN_OBJC_LITERAL_CONVERSION = YES;
				CLANG_WARN_OBJC_ROOT_CLASS = YES_ERROR;
				CLANG_WARN_QUOTED_INCLUDE_IN_FRAMEWORK_HEADER = YES;
				CLANG_WARN_RANGE_LOOP_ANALYSIS = YES;
				CLANG_WARN_STRICT_PROTOTYPES = YES;
				CLANG_WARN_SUSPICIOUS_MOVE = YES;
				CLANG_WARN_UNGUARDED_AVAILABILITY = YES_AGGRESSIVE;
				CLANG_WARN_UNREACHABLE_CODE = YES;
				CLANG_WARN__DUPLICATE_METHOD_MATCH = YES;
				COPY_PHASE_STRIP = NO;
				DEBUG_INFORMATION_FORMAT = dwarf;
				DEVELOPMENT_TEAM = 2RQ75FG8AT;
				ENABLE_STRICT_OBJC_MSGSEND = YES;
				ENABLE_TESTABILITY = YES;
				ENABLE_USER_SCRIPT_SANDBOXING = YES;
				GCC_C_LANGUAGE_STANDARD = gnu17;
				GCC_DYNAMIC_NO_PIC = NO;
				GCC_NO_COMMON_BLOCKS = YES;
				GCC_OPTIMIZATION_LEVEL = 0;
				GCC_PREPROCESSOR_DEFINITIONS = (
					"DEBUG=1",
					"$(inherited)",
				);
				GCC_WARN_64_TO_32_BIT_CONVERSION = YES;
				GCC_WARN_ABOUT_RETURN_TYPE = YES_ERROR;
				GCC_WARN_UNDECLARED_SELECTOR = YES;
				GCC_WARN_UNINITIALIZED_AUTOS = YES_AGGRESSIVE;
				GCC_WARN_UNUSED_FUNCTION = YES;
				GCC_WARN_UNUSED_VARIABLE = YES;
				IPHONEOS_DEPLOYMENT_TARGET = 26.2;
				LOCALIZATION_PREFERS_STRING_CATALOGS = YES;
				MTL_ENABLE_DEBUG_INFO = INCLUDE_SOURCE;
				MTL_FAST_MATH = YES;
				ONLY_ACTIVE_ARCH = YES;
				SDKROOT = iphoneos;
				SWIFT_ACTIVE_COMPILATION_CONDITIONS = "DEBUG $(inherited)";
				SWIFT_OPTIMIZATION_LEVEL = "-Onone";
			};
			name = Debug;
		};
		809579012F6467F300CA9AF9 /* Release */ = {
			isa = XCBuildConfiguration;
			buildSettings = {
				ALWAYS_SEARCH_USER_PATHS = NO;
				ASSETCATALOG_COMPILER_GENERATE_SWIFT_ASSET_SYMBOL_EXTENSIONS = YES;
				CLANG_ANALYZER_NONNULL = YES;
				CLANG_ANALYZER_NUMBER_OBJECT_CONVERSION = YES_AGGRESSIVE;
				CLANG_CXX_LANGUAGE_STANDARD = "gnu++20";
				CLANG_ENABLE_MODULES = YES;
				CLANG_ENABLE_OBJC_ARC = YES;
				CLANG_ENABLE_OBJC_WEAK = YES;
				CLANG_WARN_BLOCK_CAPTURE_AUTORELEASING = YES;
				CLANG_WARN_BOOL_CONVERSION = YES;
				CLANG_WARN_COMMA = YES;
				CLANG_WARN_CONSTANT_CONVERSION = YES;
				CLANG_WARN_DEPRECATED_OBJC_IMPLEMENTATIONS = YES;
				CLANG_WARN_DIRECT_OBJC_ISA_USAGE = YES_ERROR;
				CLANG_WARN_DOCUMENTATION_COMMENTS = YES;
				CLANG_WARN_EMPTY_BODY = YES;
				CLANG_WARN_ENUM_CONVERSION = YES;
				CLANG_WARN_INFINITE_RECURSION = YES;
				CLANG_WARN_INT_CONVERSION = YES;
				CLANG_WARN_NON_LITERAL_NULL_CONVERSION = YES;
				CLANG_WARN_OBJC_IMPLICIT_RETAIN_SELF = YES;
				CLANG_WARN_OBJC_LITERAL_CONVERSION = YES;
				CLANG_WARN_OBJC_ROOT_CLASS = YES_ERROR;
				CLANG_WARN_QUOTED_INCLUDE_IN_FRAMEWORK_HEADER = YES;
				CLANG_WARN_RANGE_LOOP_ANALYSIS = YES;
				CLANG_WARN_STRICT_PROTOTYPES = YES;
				CLANG_WARN_SUSPICIOUS_MOVE = YES;
				CLANG_WARN_UNGUARDED_AVAILABILITY = YES_AGGRESSIVE;
				CLANG_WARN_UNREACHABLE_CODE = YES;
				CLANG_WARN__DUPLICATE_METHOD_MATCH = YES;
				COPY_PHASE_STRIP = NO;
				DEBUG_INFORMATION_FORMAT = "dwarf-with-dsym";
				DEVELOPMENT_TEAM = 2RQ75FG8AT;
				ENABLE_NS_ASSERTIONS = NO;
				ENABLE_STRICT_OBJC_MSGSEND = YES;
				ENABLE_USER_SCRIPT_SANDBOXING = YES;
				GCC_C_LANGUAGE_STANDARD = gnu17;
				GCC_NO_COMMON_BLOCKS = YES;
				GCC_WARN_64_TO_32_BIT_CONVERSION = YES;
				GCC_WARN_ABOUT_RETURN_TYPE = YES_ERROR;
				GCC_WARN_UNDECLARED_SELECTOR = YES;
				GCC_WARN_UNINITIALIZED_AUTOS = YES_AGGRESSIVE;
				GCC_WARN_UNUSED_FUNCTION = YES;
				GCC_WARN_UNUSED_VARIABLE = YES;
				IPHONEOS_DEPLOYMENT_TARGET = 26.2;
				LOCALIZATION_PREFERS_STRING_CATALOGS = YES;
				MTL_ENABLE_DEBUG_INFO = NO;
				MTL_FAST_MATH = YES;
				SDKROOT = iphoneos;
				SWIFT_COMPILATION_MODE = wholemodule;
				VALIDATE_PRODUCT = YES;
			};
			name = Release;
		};
		809579032F6467F300CA9AF9 /* Debug */ = {
			isa = XCBuildConfiguration;
			buildSettings = {
				ASSETCATALOG_COMPILER_APPICON_NAME = AppIcon;
				ASSETCATALOG_COMPILER_GLOBAL_ACCENT_COLOR_NAME = AccentColor;
				CODE_SIGN_STYLE = Automatic;
				CURRENT_PROJECT_VERSION = 1;
				DEVELOPMENT_TEAM = 2RQ75FG8AT;
				ENABLE_PREVIEWS = YES;
				GENERATE_INFOPLIST_FILE = YES;
				INFOPLIST_FILE = HoboTracker/Info.plist;
				INFOPLIST_KEY_UIApplicationSceneManifest_Generation = YES;
				INFOPLIST_KEY_UIApplicationSupportsIndirectInputEvents = YES;
				INFOPLIST_KEY_UILaunchScreen_Generation = YES;
				INFOPLIST_KEY_UISupportedInterfaceOrientations_iPad = "UIInterfaceOrientationPortrait UIInterfaceOrientationPortraitUpsideDown UIInterfaceOrientationLandscapeLeft UIInterfaceOrientationLandscapeRight";
				INFOPLIST_KEY_UISupportedInterfaceOrientations_iPhone = "UIInterfaceOrientationPortrait UIInterfaceOrientationLandscapeLeft UIInterfaceOrientationLandscapeRight";
				LD_RUNPATH_SEARCH_PATHS = (
					"$(inherited)",
					"@executable_path/Frameworks",
				);
				MARKETING_VERSION = 1.0;
				PRODUCT_BUNDLE_IDENTIFIER = srinivas.co.HoboTracker;
				PRODUCT_NAME = "$(TARGET_NAME)";
				STRING_CATALOG_GENERATE_SYMBOLS = YES;
				SWIFT_APPROACHABLE_CONCURRENCY = YES;
				SWIFT_DEFAULT_ACTOR_ISOLATION = MainActor;
				SWIFT_EMIT_LOC_STRINGS = YES;
				SWIFT_UPCOMING_FEATURE_MEMBER_IMPORT_VISIBILITY = YES;
				SWIFT_VERSION = 5.0;
				TARGETED_DEVICE_FAMILY = "1,2";
			};
			name = Debug;
		};
		809579042F6467F300CA9AF9 /* Release */ = {
			isa = XCBuildConfiguration;
			buildSettings = {
				ASSETCATALOG_COMPILER_APPICON_NAME = AppIcon;
				ASSETCATALOG_COMPILER_GLOBAL_ACCENT_COLOR_NAME = AccentColor;
				CODE_SIGN_STYLE = Automatic;
				CURRENT_PROJECT_VERSION = 1;
				DEVELOPMENT_TEAM = 2RQ75FG8AT;
				ENABLE_PREVIEWS = YES;
				GENERATE_INFOPLIST_FILE = YES;
				INFOPLIST_FILE = HoboTracker/Info.plist;
				INFOPLIST_KEY_UIApplicationSceneManifest_Generation = YES;
				INFOPLIST_KEY_UIApplicationSupportsIndirectInputEvents = YES;
				INFOPLIST_KEY_UILaunchScreen_Generation = YES;
				INFOPLIST_KEY_UISupportedInterfaceOrientations_iPad = "UIInterfaceOrientationPortrait UIInterfaceOrientationPortraitUpsideDown UIInterfaceOrientationLandscapeLeft UIInterfaceOrientationLandscapeRight";
				INFOPLIST_KEY_UISupportedInterfaceOrientations_iPhone = "UIInterfaceOrientationPortrait UIInterfaceOrientationLandscapeLeft UIInterfaceOrientationLandscapeRight";
				LD_RUNPATH_SEARCH_PATHS = (
					"$(inherited)",
					"@executable_path/Frameworks",
				);
				MARKETING_VERSION = 1.0;
				PRODUCT_BUNDLE_IDENTIFIER = srinivas.co.HoboTracker;
				PRODUCT_NAME = "$(TARGET_NAME)";
				STRING_CATALOG_GENERATE_SYMBOLS = YES;
				SWIFT_APPROACHABLE_CONCURRENCY = YES;
				SWIFT_DEFAULT_ACTOR_ISOLATION = MainActor;
				SWIFT_EMIT_LOC_STRINGS = YES;
				SWIFT_UPCOMING_FEATURE_MEMBER_IMPORT_VISIBILITY = YES;
				SWIFT_VERSION = 5.0;
				TARGETED_DEVICE_FAMILY = "1,2";
			};
			name = Release;
		};
/* End XCBuildConfiguration section */

/* Begin XCConfigurationList section */
		809578F02F6467F100CA9AF9 /* Build configuration list for PBXProject "HoboTracker" */ = {
			isa = XCConfigurationList;
			buildConfigurations = (
				809579002F6467F300CA9AF9 /* Debug */,
				809579012F6467F300CA9AF9 /* Release */,
			);
			defaultConfigurationIsVisible = 0;
			defaultConfigurationName = Release;
		};
		809579022F6467F300CA9AF9 /* Build configuration list for PBXNativeTarget "HoboTracker" */ = {
			isa = XCConfigurationList;
			buildConfigurations = (
				809579032F6467F300CA9AF9 /* Debug */,
				809579042F6467F300CA9AF9 /* Release */,
			);
			defaultConfigurationIsVisible = 0;
			defaultConfigurationName = Release;
		};
/* End XCConfigurationList section */

/* Begin XCRemoteSwiftPackageReference section */
		80E76DE52F6581CD00192F3A /* XCRemoteSwiftPackageReference "supabase-swift" */ = {
			isa = XCRemoteSwiftPackageReference;
			repositoryURL = "https://github.com/supabase/supabase-swift";
			requirement = {
				kind = upToNextMajorVersion;
				minimumVersion = 2.5.1;
			};
		};
/* End XCRemoteSwiftPackageReference section */

/* Begin XCSwiftPackageProductDependency section */
		80E76DE62F6581CD00192F3A /* Auth */ = {
			isa = XCSwiftPackageProductDependency;
			package = 80E76DE52F6581CD00192F3A /* XCRemoteSwiftPackageReference "supabase-swift" */;
			productName = Auth;
		};
		80E76DE82F6581CD00192F3A /* Functions */ = {
			isa = XCSwiftPackageProductDependency;
			package = 80E76DE52F6581CD00192F3A /* XCRemoteSwiftPackageReference "supabase-swift" */;
			productName = Functions;
		};
		80E76DEA2F6581CD00192F3A /* PostgREST */ = {
			isa = XCSwiftPackageProductDependency;
			package = 80E76DE52F6581CD00192F3A /* XCRemoteSwiftPackageReference "supabase-swift" */;
			productName = PostgREST;
		};
		80E76DEC2F6581CD00192F3A /* Realtime */ = {
			isa = XCSwiftPackageProductDependency;
			package = 80E76DE52F6581CD00192F3A /* XCRemoteSwiftPackageReference "supabase-swift" */;
			productName = Realtime;
		};
		80E76DEE2F6581CD00192F3A /* Storage */ = {
			isa = XCSwiftPackageProductDependency;
			package = 80E76DE52F6581CD00192F3A /* XCRemoteSwiftPackageReference "supabase-swift" */;
			productName = Storage;
		};
		80E76DF02F6581CD00192F3A /* Supabase */ = {
			isa = XCSwiftPackageProductDependency;
			package = 80E76DE52F6581CD00192F3A /* XCRemoteSwiftPackageReference "supabase-swift" */;
			productName = Supabase;
		};
/* End XCSwiftPackageProductDependency section */
	};
	rootObject = 809578ED2F6467F100CA9AF9 /* Project object */;
}
